
Microsoft Visual Studio Solution File, Format Version 12.00
# Visual Studio Version 17
VisualStudioVersion = 17.10.35013.160
MinimumVisualStudioVersion = 10.0.40219.1
Project("{FAE04EC0-301F-11D3-BF4B-00C04F79EFBC}") = "Backend", "Backend\Backend.csproj", "{2C95DDC2-475A-46DC-BA20-9A985A9FB2BF}"
EndProject
Global
	GlobalSection(SolutionConfigurationPlatforms) = preSolution
		Debug|Any CPU = Debug|Any CPU
		Release|Any CPU = Release|Any CPU
	EndGlobalSection
	GlobalSection(ProjectConfigurationPlatforms) = postSolution
		{2C95DDC2-475A-46DC-BA20-9A985A9FB2BF}.Debug|Any CPU.ActiveCfg = Debug|Any CPU
		{2C95DDC2-475A-46DC-BA20-9A985A9FB2BF}.Debug|Any CPU.Build.0 = Debug|Any CPU
		{2C95DDC2-475A-46DC-BA20-9A985A9FB2BF}.Release|Any CPU.ActiveCfg = Release|Any CPU
		{2C95DDC2-475A-46DC-BA20-9A985A9FB2BF}.Release|Any CPU.Build.0 = Release|Any CPU
	EndGlobalSection
	GlobalSection(SolutionProperties) = preSolution
		HideSolutionNode = FALSE
	EndGlobalSection
	GlobalSection(ExtensibilityGlobals) = postSolution
		SolutionGuid = {FE19B446-D45A-4EDE-B594-96297F9D52A4}
	EndGlobalSection
EndGlobal
